
Microsoft Visual Studio Solution File, Format Version 12.00
# Visual Studio 15
VisualStudioVersion = 15.0.26730.12
MinimumVisualStudioVersion = 10.0.40219.1
Project("{FAE04EC0-301F-11D3-BF4B-00C04F79EFBC}") = "WebAppFirst", "WebAppFirst\WebAppFirst.csproj", "{C592615A-B95E-42F6-A313-96D8A6B986CF}"
EndProject
Global
	GlobalSection(SolutionConfigurationPlatforms) = preSolution
		Debug|Any CPU = Debug|Any CPU
		Release|Any CPU = Release|Any CPU
	EndGlobalSection
	GlobalSection(ProjectConfigurationPlatforms) = postSolution
		{C592615A-B95E-42F6-A313-96D8A6B986CF}.Debug|Any CPU.ActiveCfg = Debug|Any CPU
		{C592615A-B95E-42F6-A313-96D8A6B986CF}.Debug|Any CPU.Build.0 = Debug|Any CPU
		{C592615A-B95E-42F6-A313-96D8A6B986CF}.Release|Any CPU.ActiveCfg = Release|Any CPU
		{C592615A-B95E-42F6-A313-96D8A6B986CF}.Release|Any CPU.Build.0 = Release|Any CPU
	EndGlobalSection
	GlobalSection(SolutionProperties) = preSolution
		HideSolutionNode = FALSE
	EndGlobalSection
	GlobalSection(ExtensibilityGlobals) = postSolution
		SolutionGuid = {7D33FF46-3461-49C7-84B4-BD13E152D592}
	EndGlobalSection
EndGlobal
